
Microsoft Visual Studio Solution File, Format Version 12.00
# Visual Studio Version 16
VisualStudioVersion = 16.0.30011.22
MinimumVisualStudioVersion = 10.0.40219.1
Project("{9A19103F-16F7-4668-BE54-9A1E7A4F7556}") = "WebApplication1", "WebApplication1\WebApplication1.csproj", "{84B965AF-3ED2-4282-B05D-C08D0D24C957}"
EndProject
Global
	GlobalSection(SolutionConfigurationPlatforms) = preSolution
		Debug|Any CPU = Debug|Any CPU
		Release|Any CPU = Release|Any CPU
	EndGlobalSection
	GlobalSection(ProjectConfigurationPlatforms) = postSolution
		{84B965AF-3ED2-4282-B05D-C08D0D24C957}.Debug|Any CPU.ActiveCfg = Debug|Any CPU
		{84B965AF-3ED2-4282-B05D-C08D0D24C957}.Debug|Any CPU.Build.0 = Debug|Any CPU
		{84B965AF-3ED2-4282-B05D-C08D0D24C957}.Release|Any CPU.ActiveCfg = Release|Any CPU
		{84B965AF-3ED2-4282-B05D-C08D0D24C957}.Release|Any CPU.Build.0 = Release|Any CPU
	EndGlobalSection
	GlobalSection(SolutionProperties) = preSolution
		HideSolutionNode = FALSE
	EndGlobalSection
	GlobalSection(ExtensibilityGlobals) = postSolution
		SolutionGuid = {B0BD6021-EEC1-4543-BB8A-F7F82AC4347B}
	EndGlobalSection
EndGlobal
